Microsoft Visual Studio Solution File, Format Version 12.00
# Visual Studio 15
VisualStudioVersion = 15.0.27130.2036
MinimumVisualStudioVersion = 10.0.40219.1
Project("{D954291E-2A0B-460D-934E-DC6B0785DB48}") = "ToDoManager", "ToDoManager\ToDoManager.shproj", "{4DF76CFC-C907-4C1E-991F-EAD87C267C2A}"
EndProject
Project("{FAE04EC0-301F-11D3-BF4B-00C04F79EFBC}") = "ToDoManager.iOS", "iOS\ToDoManager.iOS.csproj", "{2F0B11A5-C377-4626-B79B-6CA22EAED8D8}"
EndProject
Project("{9A19103F-16F7-4668-BE54-9A1E7A4F7556}") = "ToDoManager.MobileAppService", "MobileAppService\ToDoManager.MobileAppService.csproj", "{9D3B2D94-FDA3-4023-B6ED-F4DB5DD8737E}"
EndProject
Project("{FAE04EC0-301F-11D3-BF4B-00C04F79EFBC}") = "ToDoManager.macOS", "ToDoManager.macOS\ToDoManager.macOS.csproj", "{35B9D486-21EC-4D67-93FF-31DB41D7E4D9}"
EndProject
Project("{2150E333-8FDC-42A3-9474-1A3956D46DE8}") = "Backend", "Backend", "{EDAAF3B4-FF0E-434A-8006-0833D66A8D21}"
EndProject
Project("{9A19103F-16F7-4668-BE54-9A1E7A4F7556}") = "ToDoManager.Data", "ToDoManager.Data\ToDoManager.Data.csproj", "{36E5E8BF-08F3-487B-B4C5-DFCFC651B259}"
EndProject
Project("{FAE04EC0-301F-11D3-BF4B-00C04F79EFBC}") = "ToDoManager.Uwp", "ToDoManager.Uwp\ToDoManager.Uwp.csproj", "{AC0D51EE-2350-44BD-9A3F-D7F975147E2F}"
EndProject
Project("{2150E333-8FDC-42A3-9474-1A3956D46DE8}") = "Shared", "Shared", "{29AAE6E9-018E-4F01-8322-D90E0FAFA609}"
EndProject
Project("{9A19103F-16F7-4668-BE54-9A1E7A4F7556}") = "ToDoManager.Model", "ToDoManager.Model\ToDoManager.Model.csproj", "{C47FAB3F-50EF-44FE-9D8D-C9C407EC4F19}"
EndProject
Global
	GlobalSection(SharedMSBuildProjectFiles) = preSolution
		ToDoManager\ToDoManager.projitems*{2f0b11a5-c377-4626-b79b-6ca22eaed8d8}*SharedItemsImports = 4
		ToDoManager\ToDoManager.projitems*{35b9d486-21ec-4d67-93ff-31db41d7e4d9}*SharedItemsImports = 4
		ToDoManager\ToDoManager.projitems*{4df76cfc-c907-4c1e-991f-ead87c267c2a}*SharedItemsImports = 13
		ToDoManager\ToDoManager.projitems*{ac0d51ee-2350-44bd-9a3f-d7f975147e2f}*SharedItemsImports = 4
	EndGlobalSection
	GlobalSection(SolutionConfigurationPlatforms) = preSolution
		Debug|Any CPU = Debug|Any CPU
		Debug|ARM = Debug|ARM
		Debug|iPhone = Debug|iPhone
		Debug|iPhoneSimulator = Debug|iPhoneSimulator
		Debug|x64 = Debug|x64
		Debug|x86 = Debug|x86
		Release|Any CPU = Release|Any CPU
		Release|ARM = Release|ARM
		Release|iPhone = Release|iPhone
		Release|iPhoneSimulator = Release|iPhoneSimulator
		Release|x64 = Release|x64
		Release|x86 = Release|x86
	EndGlobalSection
	GlobalSection(ProjectConfigurationPlatforms) = postSolution
		{2F0B11A5-C377-4626-B79B-6CA22EAED8D8}.Debug|Any CPU.ActiveCfg = Debug|iPhoneSimulator
		{2F0B11A5-C377-4626-B79B-6CA22EAED8D8}.Debug|Any CPU.Build.0 = Debug|iPhoneSimulator
		{2F0B11A5-C377-4626-B79B-6CA22EAED8D8}.Debug|ARM.ActiveCfg = Debug|iPhoneSimulator
		{2F0B11A5-C377-4626-B79B-6CA22EAED8D8}.Debug|iPhone.ActiveCfg = Debug|iPhoneSimulator
		{2F0B11A5-C377-4626-B79B-6CA22EAED8D8}.Debug|iPhone.Build.0 = Debug|iPhone
		{2F0B11A5-C377-4626-B79B-6CA22EAED8D8}.Debug|iPhoneSimulator.ActiveCfg = Debug|iPhoneSimulator
		{2F0B11A5-C377-4626-B79B-6CA22EAED8D8}.Debug|iPhoneSimulator.Build.0 = Debug|iPhoneSimulator
		{2F0B11A5-C377-4626-B79B-6CA22EAED8D8}.Debug|x64.ActiveCfg = Debug|iPhoneSimulator
		{2F0B11A5-C377-4626-B79B-6CA22EAED8D8}.Debug|x86.ActiveCfg = Debug|iPhoneSimulator
		{2F0B11A5-C377-4626-B79B-6CA22EAED8D8}.Release|Any CPU.ActiveCfg = Release|iPhone
		{2F0B11A5-C377-4626-B79B-6CA22EAED8D8}.Release|Any CPU.Build.0 = Release|iPhone
		{2F0B11A5-C377-4626-B79B-6CA22EAED8D8}.Release|ARM.ActiveCfg = Release|iPhoneSimulator
		{2F0B11A5-C377-4626-B79B-6CA22EAED8D8}.Release|iPhone.ActiveCfg = Release|iPhone
		{2F0B11A5-C377-4626-B79B-6CA22EAED8D8}.Release|iPhone.Build.0 = Release|iPhone
		{2F0B11A5-C377-4626-B79B-6CA22EAED8D8}.Release|iPhoneSimulator.ActiveCfg = Release|iPhoneSimulator
		{2F0B11A5-C377-4626-B79B-6CA22EAED8D8}.Release|iPhoneSimulator.Build.0 = Release|iPhoneSimulator
		{2F0B11A5-C377-4626-B79B-6CA22EAED8D8}.Release|x64.ActiveCfg = Release|iPhoneSimulator
		{2F0B11A5-C377-4626-B79B-6CA22EAED8D8}.Release|x86.ActiveCfg = Release|iPhoneSimulator
		{9D3B2D94-FDA3-4023-B6ED-F4DB5DD8737E}.Debug|Any CPU.ActiveCfg = Debug|Any CPU
		{9D3B2D94-FDA3-4023-B6ED-F4DB5DD8737E}.Debug|Any CPU.Build.0 = Debug|Any CPU
		{9D3B2D94-FDA3-4023-B6ED-F4DB5DD8737E}.Debug|ARM.ActiveCfg = Debug|Any CPU
		{9D3B2D94-FDA3-4023-B6ED-F4DB5DD8737E}.Debug|ARM.Build.0 = Debug|Any CPU
		{9D3B2D94-FDA3-4023-B6ED-F4DB5DD8737E}.Debug|iPhone.ActiveCfg = Debug|Any CPU
		{9D3B2D94-FDA3-4023-B6ED-F4DB5DD8737E}.Debug|iPhone.Build.0 = Debug|Any CPU
		{9D3B2D94-FDA3-4023-B6ED-F4DB5DD8737E}.Debug|iPhoneSimulator.ActiveCfg = Debug|Any CPU
		{9D3B2D94-FDA3-4023-B6ED-F4DB5DD8737E}.Debug|iPhoneSimulator.Build.0 = Debug|Any CPU
		{9D3B2D94-FDA3-4023-B6ED-F4DB5DD8737E}.Debug|x64.ActiveCfg = Debug|Any CPU
		{9D3B2D94-FDA3-4023-B6ED-F4DB5DD8737E}.Debug|x64.Build.0 = Debug|Any CPU
		{9D3B2D94-FDA3-4023-B6ED-F4DB5DD8737E}.Debug|x86.ActiveCfg = Debug|Any CPU
		{9D3B2D94-FDA3-4023-B6ED-F4DB5DD8737E}.Debug|x86.Build.0 = Debug|Any CPU
		{9D3B2D94-FDA3-4023-B6ED-F4DB5DD8737E}.Release|Any CPU.ActiveCfg = Release|Any CPU
		{9D3B2D94-FDA3-4023-B6ED-F4DB5DD8737E}.Release|Any CPU.Build.0 = Release|Any CPU
		{9D3B2D94-FDA3-4023-B6ED-F4DB5DD8737E}.Release|ARM.ActiveCfg = Release|Any CPU
		{9D3B2D94-FDA3-4023-B6ED-F4DB5DD8737E}.Release|ARM.Build.0 = Release|Any CPU
		{9D3B2D94-FDA3-4023-B6ED-F4DB5DD8737E}.Release|iPhone.ActiveCfg = Release|Any CPU
		{9D3B2D94-FDA3-4023-B6ED-F4DB5DD8737E}.Release|iPhone.Build.0 = Release|Any CPU
		{9D3B2D94-FDA3-4023-B6ED-F4DB5DD8737E}.Release|iPhoneSimulator.ActiveCfg = Release|Any CPU
		{9D3B2D94-FDA3-4023-B6ED-F4DB5DD8737E}.Release|iPhoneSimulator.Build.0 = Release|Any CPU
		{9D3B2D94-FDA3-4023-B6ED-F4DB5DD8737E}.Release|x64.ActiveCfg = Release|Any CPU
		{9D3B2D94-FDA3-4023-B6ED-F4DB5DD8737E}.Release|x64.Build.0 = Release|Any CPU
		{9D3B2D94-FDA3-4023-B6ED-F4DB5DD8737E}.Release|x86.ActiveCfg = Release|Any CPU
		{9D3B2D94-FDA3-4023-B6ED-F4DB5DD8737E}.Release|x86.Build.0 = Release|Any CPU
		{35B9D486-21EC-4D67-93FF-31DB41D7E4D9}.Debug|Any CPU.ActiveCfg = Debug|iPhoneSimulator
		{35B9D486-21EC-4D67-93FF-31DB41D7E4D9}.Debug|Any CPU.Build.0 = Debug|iPhoneSimulator
		{35B9D486-21EC-4D67-93FF-31DB41D7E4D9}.Debug|ARM.ActiveCfg = Debug|iPhoneSimulator
		{35B9D486-21EC-4D67-93FF-31DB41D7E4D9}.Debug|iPhone.ActiveCfg = Debug|iPhoneSimulator
		{35B9D486-21EC-4D67-93FF-31DB41D7E4D9}.Debug|iPhone.Build.0 = Debug|iPhoneSimulator
		{35B9D486-21EC-4D67-93FF-31DB41D7E4D9}.Debug|iPhoneSimulator.ActiveCfg = Debug|iPhoneSimulator
		{35B9D486-21EC-4D67-93FF-31DB41D7E4D9}.Debug|iPhoneSimulator.Build.0 = Debug|iPhoneSimulator
		{35B9D486-21EC-4D67-93FF-31DB41D7E4D9}.Debug|x64.ActiveCfg = Debug|iPhoneSimulator
		{35B9D486-21EC-4D67-93FF-31DB41D7E4D9}.Debug|x86.ActiveCfg = Debug|iPhoneSimulator
		{35B9D486-21EC-4D67-93FF-31DB41D7E4D9}.Release|Any CPU.ActiveCfg = Release|iPhoneSimulator
		{35B9D486-21EC-4D67-93FF-31DB41D7E4D9}.Release|Any CPU.Build.0 = Release|iPhoneSimulator
		{35B9D486-21EC-4D67-93FF-31DB41D7E4D9}.Release|ARM.ActiveCfg = Release|iPhoneSimulator
		{35B9D486-21EC-4D67-93FF-31DB41D7E4D9}.Release|iPhone.ActiveCfg = Release|iPhoneSimulator
		{35B9D486-21EC-4D67-93FF-31DB41D7E4D9}.Release|iPhone.Build.0 = Release|iPhoneSimulator
		{35B9D486-21EC-4D67-93FF-31DB41D7E4D9}.Release|iPhoneSimulator.ActiveCfg = Release|iPhoneSimulator
		{35B9D486-21EC-4D67-93FF-31DB41D7E4D9}.Release|iPhoneSimulator.Build.0 = Release|iPhoneSimulator
		{35B9D486-21EC-4D67-93FF-31DB41D7E4D9}.Release|x64.ActiveCfg = Release|iPhoneSimulator
		{35B9D486-21EC-4D67-93FF-31DB41D7E4D9}.Release|x86.ActiveCfg = Release|iPhoneSimulator
		{36E5E8BF-08F3-487B-B4C5-DFCFC651B259}.Debug|Any CPU.ActiveCfg = Debug|Any CPU
		{36E5E8BF-08F3-487B-B4C5-DFCFC651B259}.Debug|Any CPU.Build.0 = Debug|Any CPU
		{36E5E8BF-08F3-487B-B4C5-DFCFC651B259}.Debug|ARM.ActiveCfg = Debug|Any CPU
		{36E5E8BF-08F3-487B-B4C5-DFCFC651B259}.Debug|ARM.Build.0 = Debug|Any CPU
		{36E5E8BF-08F3-487B-B4C5-DFCFC651B259}.Debug|iPhone.ActiveCfg = Debug|Any CPU
		{36E5E8BF-08F3-487B-B4C5-DFCFC651B259}.Debug|iPhone.Build.0 = Debug|Any CPU
		{36E5E8BF-08F3-487B-B4C5-DFCFC651B259}.Debug|iPhoneSimulator.ActiveCfg = Debug|Any CPU
		{36E5E8BF-08F3-487B-B4C5-DFCFC651B259}.Debug|iPhoneSimulator.Build.0 = Debug|Any CPU
		{36E5E8BF-08F3-487B-B4C5-DFCFC651B259}.Debug|x64.ActiveCfg = Debug|Any CPU
		{36E5E8BF-08F3-487B-B4C5-DFCFC651B259}.Debug|x64.Build.0 = Debug|Any CPU
		{36E5E8BF-08F3-487B-B4C5-DFCFC651B259}.Debug|x86.ActiveCfg = Debug|Any CPU
		{36E5E8BF-08F3-487B-B4C5-DFCFC651B259}.Debug|x86.Build.0 = Debug|Any CPU
		{36E5E8BF-08F3-487B-B4C5-DFCFC651B259}.Release|Any CPU.ActiveCfg = Release|Any CPU
		{36E5E8BF-08F3-487B-B4C5-DFCFC651B259}.Release|Any CPU.Build.0 = Release|Any CPU
		{36E5E8BF-08F3-487B-B4C5-DFCFC651B259}.Release|ARM.ActiveCfg = Release|Any CPU
		{36E5E8BF-08F3-487B-B4C5-DFCFC651B259}.Release|ARM.Build.0 = Release|Any CPU
		{36E5E8BF-08F3-487B-B4C5-DFCFC651B259}.Release|iPhone.ActiveCfg = Release|Any CPU
		{36E5E8BF-08F3-487B-B4C5-DFCFC651B259}.Release|iPhone.Build.0 = Release|Any CPU
		{36E5E8BF-08F3-487B-B4C5-DFCFC651B259}.Release|iPhoneSimulator.ActiveCfg = Release|Any CPU
		{36E5E8BF-08F3-487B-B4C5-DFCFC651B259}.Release|iPhoneSimulator.Build.0 = Release|Any CPU
		{36E5E8BF-08F3-487B-B4C5-DFCFC651B259}.Release|x64.ActiveCfg = Release|Any CPU
		{36E5E8BF-08F3-487B-B4C5-DFCFC651B259}.Release|x64.Build.0 = Release|Any CPU
		{36E5E8BF-08F3-487B-B4C5-DFCFC651B259}.Release|x86.ActiveCfg = Release|Any CPU
		{36E5E8BF-08F3-487B-B4C5-DFCFC651B259}.Release|x86.Build.0 = Release|Any CPU
		{AC0D51EE-2350-44BD-9A3F-D7F975147E2F}.Debug|Any CPU.ActiveCfg = Debug|x86
		{AC0D51EE-2350-44BD-9A3F-D7F975147E2F}.Debug|ARM.ActiveCfg = Debug|x86
		{AC0D51EE-2350-44BD-9A3F-D7F975147E2F}.Debug|iPhone.ActiveCfg = Debug|x86
		{AC0D51EE-2350-44BD-9A3F-D7F975147E2F}.Debug|iPhoneSimulator.ActiveCfg = Debug|x86
		{AC0D51EE-2350-44BD-9A3F-D7F975147E2F}.Debug|x64.ActiveCfg = Debug|x86
		{AC0D51EE-2350-44BD-9A3F-D7F975147E2F}.Debug|x86.ActiveCfg = Debug|x86
		{AC0D51EE-2350-44BD-9A3F-D7F975147E2F}.Debug|x86.Build.0 = Debug|x86
		{AC0D51EE-2350-44BD-9A3F-D7F975147E2F}.Debug|x86.Deploy.0 = Debug|x86
		{AC0D51EE-2350-44BD-9A3F-D7F975147E2F}.Release|Any CPU.ActiveCfg = Release|x86
		{AC0D51EE-2350-44BD-9A3F-D7F975147E2F}.Release|ARM.ActiveCfg = Release|ARM
		{AC0D51EE-2350-44BD-9A3F-D7F975147E2F}.Release|ARM.Build.0 = Release|ARM
		{AC0D51EE-2350-44BD-9A3F-D7F975147E2F}.Release|ARM.Deploy.0 = Release|ARM
		{AC0D51EE-2350-44BD-9A3F-D7F975147E2F}.Release|iPhone.ActiveCfg = Release|x86
		{AC0D51EE-2350-44BD-9A3F-D7F975147E2F}.Release|iPhoneSimulator.ActiveCfg = Release|x86
		{AC0D51EE-2350-44BD-9A3F-D7F975147E2F}.Release|x64.ActiveCfg = Release|x64
		{AC0D51EE-2350-44BD-9A3F-D7F975147E2F}.Release|x64.Build.0 = Release|x64
		{AC0D51EE-2350-44BD-9A3F-D7F975147E2F}.Release|x64.Deploy.0 = Release|x64
		{AC0D51EE-2350-44BD-9A3F-D7F975147E2F}.Release|x86.ActiveCfg = Release|x86
		{AC0D51EE-2350-44BD-9A3F-D7F975147E2F}.Release|x86.Build.0 = Release|x86
		{AC0D51EE-2350-44BD-9A3F-D7F975147E2F}.Release|x86.Deploy.0 = Release|x86
		{C47FAB3F-50EF-44FE-9D8D-C9C407EC4F19}.Debug|Any CPU.ActiveCfg = Debug|Any CPU
		{C47FAB3F-50EF-44FE-9D8D-C9C407EC4F19}.Debug|Any CPU.Build.0 = Debug|Any CPU
		{C47FAB3F-50EF-44FE-9D8D-C9C407EC4F19}.Debug|ARM.ActiveCfg = Debug|Any CPU
		{C47FAB3F-50EF-44FE-9D8D-C9C407EC4F19}.Debug|ARM.Build.0 = Debug|Any CPU
		{C47FAB3F-50EF-44FE-9D8D-C9C407EC4F19}.Debug|iPhone.ActiveCfg = Debug|Any CPU
		{C47FAB3F-50EF-44FE-9D8D-C9C407EC4F19}.Debug|iPhone.Build.0 = Debug|Any CPU
		{C47FAB3F-50EF-44FE-9D8D-C9C407EC4F19}.Debug|iPhoneSimulator.ActiveCfg = Debug|Any CPU
		{C47FAB3F-50EF-44FE-9D8D-C9C407EC4F19}.Debug|iPhoneSimulator.Build.0 = Debug|Any CPU
		{C47FAB3F-50EF-44FE-9D8D-C9C407EC4F19}.Debug|x64.ActiveCfg = Debug|Any CPU
		{C47FAB3F-50EF-44FE-9D8D-C9C407EC4F19}.Debug|x64.Build.0 = Debug|Any CPU
		{C47FAB3F-50EF-44FE-9D8D-C9C407EC4F19}.Debug|x86.ActiveCfg = Debug|Any CPU
		{C47FAB3F-50EF-44FE-9D8D-C9C407EC4F19}.Debug|x86.Build.0 = Debug|Any CPU
		{C47FAB3F-50EF-44FE-9D8D-C9C407EC4F19}.Release|Any CPU.ActiveCfg = Release|Any CPU
		{C47FAB3F-50EF-44FE-9D8D-C9C407EC4F19}.Release|Any CPU.Build.0 = Release|Any CPU
		{C47FAB3F-50EF-44FE-9D8D-C9C407EC4F19}.Release|ARM.ActiveCfg = Release|Any CPU
		{C47FAB3F-50EF-44FE-9D8D-C9C407EC4F19}.Release|ARM.Build.0 = Release|Any CPU
		{C47FAB3F-50EF-44FE-9D8D-C9C407EC4F19}.Release|iPhone.ActiveCfg = Release|Any CPU
		{C47FAB3F-50EF-44FE-9D8D-C9C407EC4F19}.Release|iPhone.Build.0 = Release|Any CPU
		{C47FAB3F-50EF-44FE-9D8D-C9C407EC4F19}.Release|iPhoneSimulator.ActiveCfg = Release|Any CPU
		{C47FAB3F-50EF-44FE-9D8D-C9C407EC4F19}.Release|iPhoneSimulator.Build.0 = Release|Any CPU
		{C47FAB3F-50EF-44FE-9D8D-C9C407EC4F19}.Release|x64.ActiveCfg = Release|Any CPU
		{C47FAB3F-50EF-44FE-9D8D-C9C407EC4F19}.Release|x64.Build.0 = Release|Any CPU
		{C47FAB3F-50EF-44FE-9D8D-C9C407EC4F19}.Release|x86.ActiveCfg = Release|Any CPU
		{C47FAB3F-50EF-44FE-9D8D-C9C407EC4F19}.Release|x86.Build.0 = Release|Any CPU
	EndGlobalSection
	GlobalSection(SolutionProperties) = preSolution
		HideSolutionNode = FALSE
	EndGlobalSection
	GlobalSection(NestedProjects) = preSolution
		{9D3B2D94-FDA3-4023-B6ED-F4DB5DD8737E} = {EDAAF3B4-FF0E-434A-8006-0833D66A8D21}
		{36E5E8BF-08F3-487B-B4C5-DFCFC651B259} = {EDAAF3B4-FF0E-434A-8006-0833D66A8D21}
		{C47FAB3F-50EF-44FE-9D8D-C9C407EC4F19} = {29AAE6E9-018E-4F01-8322-D90E0FAFA609}
	EndGlobalSection
	GlobalSection(ExtensibilityGlobals) = postSolution
		SolutionGuid = {BA95C0F7-E8FA-4EB7-B864-FE75915C66A0}
	EndGlobalSection
EndGlobal
